
Microsoft Visual Studio Solution File, Format Version 12.00
# Visual Studio Version 17
VisualStudioVersion = 17.8.34316.72
MinimumVisualStudioVersion = 10.0.40219.1
Project("{FAE04EC0-301F-11D3-BF4B-00C04F79EFBC}") = "NetworkPinger", "NetworkPinger\NetworkPinger.csproj", "{CE7AF231-3F48-40E4-A3DF-DBCBBBC6ADA6}"
EndProject
Global
	GlobalSection(SolutionConfigurationPlatforms) = preSolution
		Debug|Any CPU = Debug|Any CPU
		Release|Any CPU = Release|Any CPU
	EndGlobalSection
	GlobalSection(ProjectConfigurationPlatforms) = postSolution
		{CE7AF231-3F48-40E4-A3DF-DBCBBBC6ADA6}.Debug|Any CPU.ActiveCfg = Debug|Any CPU
		{CE7AF231-3F48-40E4-A3DF-DBCBBBC6ADA6}.Debug|Any CPU.Build.0 = Debug|Any CPU
		{CE7AF231-3F48-40E4-A3DF-DBCBBBC6ADA6}.Release|Any CPU.ActiveCfg = Release|Any CPU
		{CE7AF231-3F48-40E4-A3DF-DBCBBBC6ADA6}.Release|Any CPU.Build.0 = Release|Any CPU
	EndGlobalSection
	GlobalSection(SolutionProperties) = preSolution
		HideSolutionNode = FALSE
	EndGlobalSection
	GlobalSection(ExtensibilityGlobals) = postSolution
		SolutionGuid = {6DE5DD62-8815-48FA-B0DD-EC621C8D83AC}
	EndGlobalSection
EndGlobal
